// !$*UTF8*$!
{
	archiveVersion = 1;
	classes = {
	};
	objectVersion = 46;
	objects = {

/* Begin PBXBuildFile section */
		130A33681AB7CF40003376F4 /* FirstTableViewCell.m in Sources */ = {isa = PBXBuildFile; fileRef = 130A33661AB7CF40003376F4 /* FirstTableViewCell.m */; };
		130A33691AB7CF40003376F4 /* FirstTableViewCell.xib in Resources */ = {isa = PBXBuildFile; fileRef = 130A33671AB7CF40003376F4 /* FirstTableViewCell.xib */; };
		13C51DA41AB7C2150026707F /* main.m in Sources */ = {isa = PBXBuildFile; fileRef = 13C51DA31AB7C2150026707F /* main.m */; };
		13C51DA71AB7C2150026707F /* AppDelegate.m in Sources */ = {isa = PBXBuildFile; fileRef = 13C51DA61AB7C2150026707F /* AppDelegate.m */; };
		13C51DAA1AB7C2150026707F /* FirstViewController.m in Sources */ = {isa = PBXBuildFile; fileRef = 13C51DA91AB7C2150026707F /* FirstViewController.m */; };
		13C51DAD1AB7C2150026707F /* SecondViewController.m in Sources */ = {isa = PBXBuildFile; fileRef = 13C51DAC1AB7C2150026707F /* SecondViewController.m */; };
		13C51DB01AB7C2150026707F /* Main.storyboard in Resources */ = {isa = PBXBuildFile; fileRef = 13C51DAE1AB7C2150026707F /* Main.storyboard */; };
		13C51DB21AB7C2150026707F /* Images.xcassets in Resources */ = {isa = PBXBuildFile; fileRef = 13C51DB11AB7C2150026707F /* Images.xcassets */; };
		13C51DB51AB7C2150026707F /* LaunchScreen.xib in Resources */ = {isa = PBXBuildFile; fileRef = 13C51DB31AB7C2150026707F /* LaunchScreen.xib */; };
		13C51DC11AB7C2150026707F /* T3Tests.m in Sources */ = {isa = PBXBuildFile; fileRef = 13C51DC01AB7C2150026707F /* T3Tests.m */; };
/* End PBXBuildFile section */

/* Begin PBXContainerItemProxy section */
		13C51DBB1AB7C2150026707F /* PBXContainerItemProxy */ = {
			isa = PBXContainerItemProxy;
			containerPortal = 13C51D961AB7C2150026707F /* Project object */;
			proxyType = 1;
			remoteGlobalIDString = 13C51D9D1AB7C2150026707F;
			remoteInfo = T3;
		};
/* End PBXContainerItemProxy section */

/* Begin PBXFileReference section */
		130A33651AB7CF40003376F4 /* FirstTableViewCell.h */ = {isa = PBXFileReference; fileEncoding = 4; lastKnownFileType = sourcecode.c.h; path = FirstTableViewCell.h; sourceTree = "<group>"; };
		130A33661AB7CF40003376F4 /* FirstTableViewCell.m */ = {isa = PBXFileReference; fileEncoding = 4; lastKnownFileType = sourcecode.c.objc; path = FirstTableViewCell.m; sourceTree = "<group>"; };
		130A33671AB7CF40003376F4 /* FirstTableViewCell.xib */ = {isa = PBXFileReference; fileEncoding = 4; lastKnownFileType = file.xib; path = FirstTableViewCell.xib; sourceTree = "<group>"; };
		13C51D9E1AB7C2150026707F /* T3.app */ = {isa = PBXFileReference; explicitFileType = wrapper.application; includeInIndex = 0; path = T3.app; sourceTree = BUILT_PRODUCTS_DIR; };
		13C51DA21AB7C2150026707F /* Info.plist */ = {isa = PBXFileReference; lastKnownFileType = text.plist.xml; path = Info.plist; sourceTree = "<group>"; };
		13C51DA31AB7C2150026707F /* main.m */ = {isa = PBXFileReference; lastKnownFileType = sourcecode.c.objc; path = main.m; sourceTree = "<group>"; };
		13C51DA51AB7C2150026707F /* AppDelegate.h */ = {isa = PBXFileReference; lastKnownFileType = sourcecode.c.h; path = AppDelegate.h; sourceTree = "<group>"; };
		13C51DA61AB7C2150026707F /* AppDelegate.m */ = {isa = PBXFileReference; lastKnownFileType = sourcecode.c.objc; path = AppDelegate.m; sourceTree = "<group>"; };
		13C51DA81AB7C2150026707F /* FirstViewController.h */ = {isa = PBXFileReference; lastKnownFileType = sourcecode.c.h; path = FirstViewController.h; sourceTree = "<group>"; };
		13C51DA91AB7C2150026707F /* FirstViewController.m */ = {isa = PBXFileReference; lastKnownFileType = sourcecode.c.objc; path = FirstViewController.m; sourceTree = "<group>"; };
		13C51DAB1AB7C2150026707F /* SecondViewController.h */ = {isa = PBXFileReference; lastKnownFileType = sourcecode.c.h; path = SecondViewController.h; sourceTree = "<group>"; };
		13C51DAC1AB7C2150026707F /* SecondViewController.m */ = {isa = PBXFileReference; lastKnownFileType = sourcecode.c.objc; path = SecondViewController.m; sourceTree = "<group>"; };
		13C51DAF1AB7C2150026707F /* Base */ = {isa = PBXFileReference; lastKnownFileType = file.storyboard; name = Base; path = Base.lproj/Main.storyboard; sourceTree = "<group>"; };
		13C51DB11AB7C2150026707F /* Images.xcassets */ = {isa = PBXFileReference; lastKnownFileType = folder.assetcatalog; path = Images.xcassets; sourceTree = "<group>"; };
		13C51DB41AB7C2150026707F /* Base */ = {isa = PBXFileReference; lastKnownFileType = file.xib; name = Base; path = Base.lproj/LaunchScreen.xib; sourceTree = "<group>"; };
		13C51DBA1AB7C2150026707F /* T3Tests.xctest */ = {isa = PBXFileReference; explicitFileType = wrapper.cfbundle; includeInIndex = 0; path = T3Tests.xctest; sourceTree = BUILT_PRODUCTS_DIR; };
		13C51DBF1AB7C2150026707F /* Info.plist */ = {isa = PBXFileReference; lastKnownFileType = text.plist.xml; path = Info.plist; sourceTree = "<group>"; };
		13C51DC01AB7C2150026707F /* T3Tests.m */ = {isa = PBXFileReference; lastKnownFileType = sourcecode.c.objc; path = T3Tests.m; sourceTree = "<group>"; };
/* End PBXFileReference section */

/* Begin PBXFrameworksBuildPhase section */
		13C51D9B1AB7C2150026707F /* Frameworks */ = {
			isa = PBXFrameworksBuildPhase;
			buildActionMask = 2147483647;
			files = (
			);
			runOnlyForDeploymentPostprocessing = 0;
		};
		13C51DB71AB7C2150026707F /* Frameworks */ = {
			isa = PBXFrameworksBuildPhase;
			buildActionMask = 2147483647;
			files = (
			);
			runOnlyForDeploymentPostprocessing = 0;
		};
/* End PBXFrameworksBuildPhase section */

/* Begin PBXGroup section */
		13C51D951AB7C2150026707F = {
			isa = PBXGroup;
			children = (
				13C51DA01AB7C2150026707F /* T3 */,
				13C51DBD1AB7C2150026707F /* T3Tests */,
				13C51D9F1AB7C2150026707F /* Products */,
			);
			sourceTree = "<group>";
		};
		13C51D9F1AB7C2150026707F /* Products */ = {
			isa = PBXGroup;
			children = (
				13C51D9E1AB7C2150026707F /* T3.app */,
				13C51DBA1AB7C2150026707F /* T3Tests.xctest */,
			);
			name = Products;
			sourceTree = "<group>";
		};
		13C51DA01AB7C2150026707F /* T3 */ = {
			isa = PBXGroup;
			children = (
				13C51DA51AB7C2150026707F /* AppDelegate.h */,
				13C51DA61AB7C2150026707F /* AppDelegate.m */,
				13C51DA81AB7C2150026707F /* FirstViewController.h */,
				13C51DA91AB7C2150026707F /* FirstViewController.m */,
				13C51DAB1AB7C2150026707F /* SecondViewController.h */,
				13C51DAC1AB7C2150026707F /* SecondViewController.m */,
				13C51DAE1AB7C2150026707F /* Main.storyboard */,
				13C51DB11AB7C2150026707F /* Images.xcassets */,
				13C51DB31AB7C2150026707F /* LaunchScreen.xib */,
				13C51DA11AB7C2150026707F /* Supporting Files */,
				130A33651AB7CF40003376F4 /* FirstTableViewCell.h */,
				130A33661AB7CF40003376F4 /* FirstTableViewCell.m */,
				130A33671AB7CF40003376F4 /* FirstTableViewCell.xib */,
			);
			path = T3;
			sourceTree = "<group>";
		};
		13C51DA11AB7C2150026707F /* Supporting Files */ = {
			isa = PBXGroup;
			children = (
				13C51DA21AB7C2150026707F /* Info.plist */,
				13C51DA31AB7C2150026707F /* main.m */,
			);
			name = "Supporting Files";
			sourceTree = "<group>";
		};
		13C51DBD1AB7C2150026707F /* T3Tests */ = {
			isa = PBXGroup;
			children = (
				13C51DC01AB7C2150026707F /* T3Tests.m */,
				13C51DBE1AB7C2150026707F /* Supporting Files */,
			);
			path = T3Tests;
			sourceTree = "<group>";
		};
		13C51DBE1AB7C2150026707F /* Supporting Files */ = {
			isa = PBXGroup;
			children = (
				13C51DBF1AB7C2150026707F /* Info.plist */,
			);
			name = "Supporting Files";
			sourceTree = "<group>";
		};
/* End PBXGroup section */

/* Begin PBXNativeTarget section */
		13C51D9D1AB7C2150026707F /* T3 */ = {
			isa = PBXNativeTarget;
			buildConfigurationList = 13C51DC41AB7C2150026707F /* Build configuration list for PBXNativeTarget "T3" */;
			buildPhases = (
				13C51D9A1AB7C2150026707F /* Sources */,
				13C51D9B1AB7C2150026707F /* Frameworks */,
				13C51D9C1AB7C2150026707F /* Resources */,
			);
			buildRules = (
			);
			dependencies = (
			);
			name = T3;
			productName = T3;
			productReference = 13C51D9E1AB7C2150026707F /* T3.app */;
			productType = "com.apple.product-type.application";
		};
		13C51DB91AB7C2150026707F /* T3Tests */ = {
			isa = PBXNativeTarget;
			buildConfigurationList = 13C51DC71AB7C2150026707F /* Build configuration list for PBXNativeTarget "T3Tests" */;
			buildPhases = (
				13C51DB61AB7C2150026707F /* Sources */,
				13C51DB71AB7C2150026707F /* Frameworks */,
				13C51DB81AB7C2150026707F /* Resources */,
			);
			buildRules = (
			);
			dependencies = (
				13C51DBC1AB7C2150026707F /* PBXTargetDependency */,
			);
			name = T3Tests;
			productName = T3Tests;
			productReference = 13C51DBA1AB7C2150026707F /* T3Tests.xctest */;
			productType = "com.apple.product-type.bundle.unit-test";
		};
/* End PBXNativeTarget section */

/* Begin PBXProject section */
		13C51D961AB7C2150026707F /* Project object */ = {
			isa = PBXProject;
			attributes = {
				LastUpgradeCheck = 0620;
				ORGANIZATIONNAME = "何茂馨";
				TargetAttributes = {
					13C51D9D1AB7C2150026707F = {
						CreatedOnToolsVersion = 6.2;
					};
					13C51DB91AB7C2150026707F = {
						CreatedOnToolsVersion = 6.2;
						TestTargetID = 13C51D9D1AB7C2150026707F;
					};
				};
			};
			buildConfigurationList = 13C51D991AB7C2150026707F /* Build configuration list for PBXProject "T3" */;
			compatibilityVersion = "Xcode 3.2";
			developmentRegion = English;
			hasScannedForEncodings = 0;
			knownRegions = (
				en,
				Base,
			);
			mainGroup = 13C51D951AB7C2150026707F;
			productRefGroup = 13C51D9F1AB7C2150026707F /* Products */;
			projectDirPath = "";
			projectRoot = "";
			targets = (
				13C51D9D1AB7C2150026707F /* T3 */,
				13C51DB91AB7C2150026707F /* T3Tests */,
			);
		};
/* End PBXProject section */

/* Begin PBXResourcesBuildPhase section */
		13C51D9C1AB7C2150026707F /* Resources */ = {
			isa = PBXResourcesBuildPhase;
			buildActionMask = 2147483647;
			files = (
				13C51DB01AB7C2150026707F /* Main.storyboard in Resources */,
				13C51DB51AB7C2150026707F /* LaunchScreen.xib in Resources */,
				130A33691AB7CF40003376F4 /* FirstTableViewCell.xib in Resources */,
				13C51DB21AB7C2150026707F /* Images.xcassets in Resources */,
			);
			runOnlyForDeploymentPostprocessing = 0;
		};
		13C51DB81AB7C2150026707F /* Resources */ = {
			isa = PBXResourcesBuildPhase;
			buildActionMask = 2147483647;
			files = (
			);
			runOnlyForDeploymentPostprocessing = 0;
		};
/* End PBXResourcesBuildPhase section */

/* Begin PBXSourcesBuildPhase section */
		13C51D9A1AB7C2150026707F /* Sources */ = {
			isa = PBXSourcesBuildPhase;
			buildActionMask = 2147483647;
			files = (
				13C51DAD1AB7C2150026707F /* SecondViewController.m in Sources */,
				13C51DA71AB7C2150026707F /* AppDelegate.m in Sources */,
				130A33681AB7CF40003376F4 /* FirstTableViewCell.m in Sources */,
				13C51DAA1AB7C2150026707F /* FirstViewController.m in Sources */,
				13C51DA41AB7C2150026707F /* main.m in Sources */,
			);
			runOnlyForDeploymentPostprocessing = 0;
		};
		13C51DB61AB7C2150026707F /* Sources */ = {
			isa = PBXSourcesBuildPhase;
			buildActionMask = 2147483647;
			files = (
				13C51DC11AB7C2150026707F /* T3Tests.m in Sources */,
			);
			runOnlyForDeploymentPostprocessing = 0;
		};
/* End PBXSourcesBuildPhase section */

/* Begin PBXTargetDependency section */
		13C51DBC1AB7C2150026707F /* PBXTargetDependency */ = {
			isa = PBXTargetDependency;
			target = 13C51D9D1AB7C2150026707F /* T3 */;
			targetProxy = 13C51DBB1AB7C2150026707F /* PBXContainerItemProxy */;
		};
/* End PBXTargetDependency section */

/* Begin PBXVariantGroup section */
		13C51DAE1AB7C2150026707F /* Main.storyboard */ = {
			isa = PBXVariantGroup;
			children = (
				13C51DAF1AB7C2150026707F /* Base */,
			);
			name = Main.storyboard;
			sourceTree = "<group>";
		};
		13C51DB31AB7C2150026707F /* LaunchScreen.xib */ = {
			isa = PBXVariantGroup;
			children = (
				13C51DB41AB7C2150026707F /* Base */,
			);
			name = LaunchScreen.xib;
			sourceTree = "<group>";
		};
/* End PBXVariantGroup section */

/* Begin XCBuildConfiguration section */
		13C51DC21AB7C2150026707F /* Debug */ = {
			isa = XCBuildConfiguration;
			buildSettings = {
				ALWAYS_SEARCH_USER_PATHS = NO;
				CLANG_CXX_LANGUAGE_STANDARD = "gnu++0x";
				CLANG_CXX_LIBRARY = "libc++";
				CLANG_ENABLE_MODULES = YES;
				CLANG_ENABLE_OBJC_ARC = YES;
				CLANG_WARN_BOOL_CONVERSION = YES;
				CLANG_WARN_CONSTANT_CONVERSION = YES;
				CLANG_WARN_DIRECT_OBJC_ISA_USAGE = YES_ERROR;
				CLANG_WARN_EMPTY_BODY = YES;
				CLANG_WARN_ENUM_CONVERSION = YES;
				CLANG_WARN_INT_CONVERSION = YES;
				CLANG_WARN_OBJC_ROOT_CLASS = YES_ERROR;
				CLANG_WARN_UNREACHABLE_CODE = YES;
				CLANG_WARN__DUPLICATE_METHOD_MATCH = YES;
				"CODE_SIGN_IDENTITY[sdk=iphoneos*]" = "iPhone Developer";
				COPY_PHASE_STRIP = NO;
				ENABLE_STRICT_OBJC_MSGSEND = YES;
				GCC_C_LANGUAGE_STANDARD = gnu99;
				GCC_DYNAMIC_NO_PIC = NO;
				GCC_OPTIMIZATION_LEVEL = 0;
				GCC_PREPROCESSOR_DEFINITIONS = (
					"DEBUG=1",
					"$(inherited)",
				);
				GCC_SYMBOLS_PRIVATE_EXTERN = NO;
				GCC_WARN_64_TO_32_BIT_CONVERSION = YES;
				GCC_WARN_ABOUT_RETURN_TYPE = YES_ERROR;
				GCC_WARN_UNDECLARED_SELECTOR = YES;
				GCC_WARN_UNINITIALIZED_AUTOS = YES_AGGRESSIVE;
				GCC_WARN_UNUSED_FUNCTION = YES;
				GCC_WARN_UNUSED_VARIABLE = YES;
				IPHONEOS_DEPLOYMENT_TARGET = 8.2;
				MTL_ENABLE_DEBUG_INFO = YES;
				ONLY_ACTIVE_ARCH = YES;
				SDKROOT = iphoneos;
				TARGETED_DEVICE_FAMILY = "1,2";
			};
			name = Debug;
		};
		13C51DC31AB7C2150026707F /* Release */ = {
			isa = XCBuildConfiguration;
			buildSettings = {
				ALWAYS_SEARCH_USER_PATHS = NO;
				CLANG_CXX_LANGUAGE_STANDARD = "gnu++0x";
				CLANG_CXX_LIBRARY = "libc++";
				CLANG_ENABLE_MODULES = YES;
				CLANG_ENABLE_OBJC_ARC = YES;
				CLANG_WARN_BOOL_CONVERSION = YES;
				CLANG_WARN_CONSTANT_CONVERSION = YES;
				CLANG_WARN_DIRECT_OBJC_ISA_USAGE = YES_ERROR;
				CLANG_WARN_EMPTY_BODY = YES;
				CLANG_WARN_ENUM_CONVERSION = YES;
				CLANG_WARN_INT_CONVERSION = YES;
				CLANG_WARN_OBJC_ROOT_CLASS = YES_ERROR;
				CLANG_WARN_UNREACHABLE_CODE = YES;
				CLANG_WARN__DUPLICATE_METHOD_MATCH = YES;
				"CODE_SIGN_IDENTITY[sdk=iphoneos*]" = "iPhone Developer";
				COPY_PHASE_STRIP = NO;
				ENABLE_NS_ASSERTIONS = NO;
				ENABLE_STRICT_OBJC_MSGSEND = YES;
				GCC_C_LANGUAGE_STANDARD = gnu99;
				GCC_WARN_64_TO_32_BIT_CONVERSION = YES;
				GCC_WARN_ABOUT_RETURN_TYPE = YES_ERROR;
				GCC_WARN_UNDECLARED_SELECTOR = YES;
				GCC_WARN_UNINITIALIZED_AUTOS = YES_AGGRESSIVE;
				GCC_WARN_UNUSED_FUNCTION = YES;
				GCC_WARN_UNUSED_VARIABLE = YES;
				IPHONEOS_DEPLOYMENT_TARGET = 8.2;
				MTL_ENABLE_DEBUG_INFO = NO;
				SDKROOT = iphoneos;
				TARGETED_DEVICE_FAMILY = "1,2";
				VALIDATE_PRODUCT = YES;
			};
			name = Release;
		};
		13C51DC51AB7C2150026707F /* Debug */ = {
			isa = XCBuildConfiguration;
			buildSettings = {
				ASSETCATALOG_COMPILER_APPICON_NAME = AppIcon;
				INFOPLIST_FILE = T3/Info.plist;
				LD_RUNPATH_SEARCH_PATHS = "$(inherited) @executable_path/Frameworks";
				PRODUCT_NAME = "$(TARGET_NAME)";
			};
			name = Debug;
		};
		13C51DC61AB7C2150026707F /* Release */ = {
			isa = XCBuildConfiguration;
			buildSettings = {
				ASSETCATALOG_COMPILER_APPICON_NAME = AppIcon;
				INFOPLIST_FILE = T3/Info.plist;
				LD_RUNPATH_SEARCH_PATHS = "$(inherited) @executable_path/Frameworks";
				PRODUCT_NAME = "$(TARGET_NAME)";
			};
			name = Release;
		};
		13C51DC81AB7C2150026707F /* Debug */ = {
			isa = XCBuildConfiguration;
			buildSettings = {
				BUNDLE_LOADER = "$(TEST_HOST)";
				FRAMEWORK_SEARCH_PATHS = (
					"$(SDKROOT)/Developer/Library/Frameworks",
					"$(inherited)",
				);
				GCC_PREPROCESSOR_DEFINITIONS = (
					"DEBUG=1",
					"$(inherited)",
				);
				INFOPLIST_FILE = T3Tests/Info.plist;
				LD_RUNPATH_SEARCH_PATHS = "$(inherited) @executable_path/Frameworks @loader_path/Frameworks";
				PRODUCT_NAME = "$(TARGET_NAME)";
				TEST_HOST = "$(BUILT_PRODUCTS_DIR)/T3.app/T3";
			};
			name = Debug;
		};
		13C51DC91AB7C2150026707F /* Release */ = {
			isa = XCBuildConfiguration;
			buildSettings = {
				BUNDLE_LOADER = "$(TEST_HOST)";
				FRAMEWORK_SEARCH_PATHS = (
					"$(SDKROOT)/Developer/Library/Frameworks",
					"$(inherited)",
				);
				INFOPLIST_FILE = T3Tests/Info.plist;
				LD_RUNPATH_SEARCH_PATHS = "$(inherited) @executable_path/Frameworks @loader_path/Frameworks";
				PRODUCT_NAME = "$(TARGET_NAME)";
				TEST_HOST = "$(BUILT_PRODUCTS_DIR)/T3.app/T3";
			};
			name = Release;
		};
/* End XCBuildConfiguration section */

/* Begin XCConfigurationList section */
		13C51D991AB7C2150026707F /* Build configuration list for PBXProject "T3" */ = {
			isa = XCConfigurationList;
			buildConfigurations = (
				13C51DC21AB7C2150026707F /* Debug */,
				13C51DC31AB7C2150026707F /* Release */,
			);
			defaultConfigurationIsVisible = 0;
			defaultConfigurationName = Release;
		};
		13C51DC41AB7C2150026707F /* Build configuration list for PBXNativeTarget "T3" */ = {
			isa = XCConfigurationList;
			buildConfigurations = (
				13C51DC51AB7C2150026707F /* Debug */,
				13C51DC61AB7C2150026707F /* Release */,
			);
			defaultConfigurationIsVisible = 0;
			defaultConfigurationName = Release;
		};
		13C51DC71AB7C2150026707F /* Build configuration list for PBXNativeTarget "T3Tests" */ = {
			isa = XCConfigurationList;
			buildConfigurations = (
				13C51DC81AB7C2150026707F /* Debug */,
				13C51DC91AB7C2150026707F /* Release */,
			);
			defaultConfigurationIsVisible = 0;
			defaultConfigurationName = Release;
		};
/* End XCConfigurationList section */
	};
	rootObject = 13C51D961AB7C2150026707F /* Project object */;
}
