// !$*UTF8*$!
{
	archiveVersion = 1;
	classes = {
	};
	objectVersion = 46;
	objects = {

/* Begin PBXBuildFile section */
		13C58C491AB9C92F00090157 /* main.m in Sources */ = {isa = PBXBuildFile; fileRef = 13C58C481AB9C92F00090157 /* main.m */; };
		13C58C4C1AB9C92F00090157 /* AppDelegate.m in Sources */ = {isa = PBXBuildFile; fileRef = 13C58C4B1AB9C92F00090157 /* AppDelegate.m */; };
		13C58C4F1AB9C92F00090157 /* ViewController.m in Sources */ = {isa = PBXBuildFile; fileRef = 13C58C4E1AB9C92F00090157 /* ViewController.m */; };
		13C58C521AB9C92F00090157 /* Main.storyboard in Resources */ = {isa = PBXBuildFile; fileRef = 13C58C501AB9C92F00090157 /* Main.storyboard */; };
		13C58C541AB9C92F00090157 /* Images.xcassets in Resources */ = {isa = PBXBuildFile; fileRef = 13C58C531AB9C92F00090157 /* Images.xcassets */; };
		13C58C571AB9C92F00090157 /* LaunchScreen.xib in Resources */ = {isa = PBXBuildFile; fileRef = 13C58C551AB9C92F00090157 /* LaunchScreen.xib */; };
		13C58C631AB9C92F00090157 /* jjjjjTests.m in Sources */ = {isa = PBXBuildFile; fileRef = 13C58C621AB9C92F00090157 /* jjjjjTests.m */; };
/* End PBXBuildFile section */

/* Begin PBXContainerItemProxy section */
		13C58C5D1AB9C92F00090157 /* PBXContainerItemProxy */ = {
			isa = PBXContainerItemProxy;
			containerPortal = 13C58C3B1AB9C92F00090157 /* Project object */;
			proxyType = 1;
			remoteGlobalIDString = 13C58C421AB9C92F00090157;
			remoteInfo = jjjjj;
		};
/* End PBXContainerItemProxy section */

/* Begin PBXFileReference section */
		13C58C431AB9C92F00090157 /* jjjjj.app */ = {isa = PBXFileReference; explicitFileType = wrapper.application; includeInIndex = 0; path = jjjjj.app; sourceTree = BUILT_PRODUCTS_DIR; };
		13C58C471AB9C92F00090157 /* Info.plist */ = {isa = PBXFileReference; lastKnownFileType = text.plist.xml; path = Info.plist; sourceTree = "<group>"; };
		13C58C481AB9C92F00090157 /* main.m */ = {isa = PBXFileReference; lastKnownFileType = sourcecode.c.objc; path = main.m; sourceTree = "<group>"; };
		13C58C4A1AB9C92F00090157 /* AppDelegate.h */ = {isa = PBXFileReference; lastKnownFileType = sourcecode.c.h; path = AppDelegate.h; sourceTree = "<group>"; };
		13C58C4B1AB9C92F00090157 /* AppDelegate.m */ = {isa = PBXFileReference; lastKnownFileType = sourcecode.c.objc; path = AppDelegate.m; sourceTree = "<group>"; };
		13C58C4D1AB9C92F00090157 /* ViewController.h */ = {isa = PBXFileReference; lastKnownFileType = sourcecode.c.h; path = ViewController.h; sourceTree = "<group>"; };
		13C58C4E1AB9C92F00090157 /* ViewController.m */ = {isa = PBXFileReference; lastKnownFileType = sourcecode.c.objc; path = ViewController.m; sourceTree = "<group>"; };
		13C58C511AB9C92F00090157 /* Base */ = {isa = PBXFileReference; lastKnownFileType = file.storyboard; name = Base; path = Base.lproj/Main.storyboard; sourceTree = "<group>"; };
		13C58C531AB9C92F00090157 /* Images.xcassets */ = {isa = PBXFileReference; lastKnownFileType = folder.assetcatalog; path = Images.xcassets; sourceTree = "<group>"; };
		13C58C561AB9C92F00090157 /* Base */ = {isa = PBXFileReference; lastKnownFileType = file.xib; name = Base; path = Base.lproj/LaunchScreen.xib; sourceTree = "<group>"; };
		13C58C5C1AB9C92F00090157 /* jjjjjTests.xctest */ = {isa = PBXFileReference; explicitFileType = wrapper.cfbundle; includeInIndex = 0; path = jjjjjTests.xctest; sourceTree = BUILT_PRODUCTS_DIR; };
		13C58C611AB9C92F00090157 /* Info.plist */ = {isa = PBXFileReference; lastKnownFileType = text.plist.xml; path = Info.plist; sourceTree = "<group>"; };
		13C58C621AB9C92F00090157 /* jjjjjTests.m */ = {isa = PBXFileReference; lastKnownFileType = sourcecode.c.objc; path = jjjjjTests.m; sourceTree = "<group>"; };
/* End PBXFileReference section */

/* Begin PBXFrameworksBuildPhase section */
		13C58C401AB9C92F00090157 /* Frameworks */ = {
			isa = PBXFrameworksBuildPhase;
			buildActionMask = 2147483647;
			files = (
			);
			runOnlyForDeploymentPostprocessing = 0;
		};
		13C58C591AB9C92F00090157 /* Frameworks */ = {
			isa = PBXFrameworksBuildPhase;
			buildActionMask = 2147483647;
			files = (
			);
			runOnlyForDeploymentPostprocessing = 0;
		};
/* End PBXFrameworksBuildPhase section */

/* Begin PBXGroup section */
		13C58C3A1AB9C92F00090157 = {
			isa = PBXGroup;
			children = (
				13C58C451AB9C92F00090157 /* jjjjj */,
				13C58C5F1AB9C92F00090157 /* jjjjjTests */,
				13C58C441AB9C92F00090157 /* Products */,
			);
			sourceTree = "<group>";
		};
		13C58C441AB9C92F00090157 /* Products */ = {
			isa = PBXGroup;
			children = (
				13C58C431AB9C92F00090157 /* jjjjj.app */,
				13C58C5C1AB9C92F00090157 /* jjjjjTests.xctest */,
			);
			name = Products;
			sourceTree = "<group>";
		};
		13C58C451AB9C92F00090157 /* jjjjj */ = {
			isa = PBXGroup;
			children = (
				13C58C4A1AB9C92F00090157 /* AppDelegate.h */,
				13C58C4B1AB9C92F00090157 /* AppDelegate.m */,
				13C58C4D1AB9C92F00090157 /* ViewController.h */,
				13C58C4E1AB9C92F00090157 /* ViewController.m */,
				13C58C501AB9C92F00090157 /* Main.storyboard */,
				13C58C531AB9C92F00090157 /* Images.xcassets */,
				13C58C551AB9C92F00090157 /* LaunchScreen.xib */,
				13C58C461AB9C92F00090157 /* Supporting Files */,
			);
			path = jjjjj;
			sourceTree = "<group>";
		};
		13C58C461AB9C92F00090157 /* Supporting Files */ = {
			isa = PBXGroup;
			children = (
				13C58C471AB9C92F00090157 /* Info.plist */,
				13C58C481AB9C92F00090157 /* main.m */,
			);
			name = "Supporting Files";
			sourceTree = "<group>";
		};
		13C58C5F1AB9C92F00090157 /* jjjjjTests */ = {
			isa = PBXGroup;
			children = (
				13C58C621AB9C92F00090157 /* jjjjjTests.m */,
				13C58C601AB9C92F00090157 /* Supporting Files */,
			);
			path = jjjjjTests;
			sourceTree = "<group>";
		};
		13C58C601AB9C92F00090157 /* Supporting Files */ = {
			isa = PBXGroup;
			children = (
				13C58C611AB9C92F00090157 /* Info.plist */,
			);
			name = "Supporting Files";
			sourceTree = "<group>";
		};
/* End PBXGroup section */

/* Begin PBXNativeTarget section */
		13C58C421AB9C92F00090157 /* jjjjj */ = {
			isa = PBXNativeTarget;
			buildConfigurationList = 13C58C661AB9C92F00090157 /* Build configuration list for PBXNativeTarget "jjjjj" */;
			buildPhases = (
				13C58C3F1AB9C92F00090157 /* Sources */,
				13C58C401AB9C92F00090157 /* Frameworks */,
				13C58C411AB9C92F00090157 /* Resources */,
			);
			buildRules = (
			);
			dependencies = (
			);
			name = jjjjj;
			productName = jjjjj;
			productReference = 13C58C431AB9C92F00090157 /* jjjjj.app */;
			productType = "com.apple.product-type.application";
		};
		13C58C5B1AB9C92F00090157 /* jjjjjTests */ = {
			isa = PBXNativeTarget;
			buildConfigurationList = 13C58C691AB9C92F00090157 /* Build configuration list for PBXNativeTarget "jjjjjTests" */;
			buildPhases = (
				13C58C581AB9C92F00090157 /* Sources */,
				13C58C591AB9C92F00090157 /* Frameworks */,
				13C58C5A1AB9C92F00090157 /* Resources */,
			);
			buildRules = (
			);
			dependencies = (
				13C58C5E1AB9C92F00090157 /* PBXTargetDependency */,
			);
			name = jjjjjTests;
			productName = jjjjjTests;
			productReference = 13C58C5C1AB9C92F00090157 /* jjjjjTests.xctest */;
			productType = "com.apple.product-type.bundle.unit-test";
		};
/* End PBXNativeTarget section */

/* Begin PBXProject section */
		13C58C3B1AB9C92F00090157 /* Project object */ = {
			isa = PBXProject;
			attributes = {
				LastUpgradeCheck = 0620;
				ORGANIZATIONNAME = "何茂馨";
				TargetAttributes = {
					13C58C421AB9C92F00090157 = {
						CreatedOnToolsVersion = 6.2;
					};
					13C58C5B1AB9C92F00090157 = {
						CreatedOnToolsVersion = 6.2;
						TestTargetID = 13C58C421AB9C92F00090157;
					};
				};
			};
			buildConfigurationList = 13C58C3E1AB9C92F00090157 /* Build configuration list for PBXProject "jjjjj" */;
			compatibilityVersion = "Xcode 3.2";
			developmentRegion = English;
			hasScannedForEncodings = 0;
			knownRegions = (
				en,
				Base,
			);
			mainGroup = 13C58C3A1AB9C92F00090157;
			productRefGroup = 13C58C441AB9C92F00090157 /* Products */;
			projectDirPath = "";
			projectRoot = "";
			targets = (
				13C58C421AB9C92F00090157 /* jjjjj */,
				13C58C5B1AB9C92F00090157 /* jjjjjTests */,
			);
		};
/* End PBXProject section */

/* Begin PBXResourcesBuildPhase section */
		13C58C411AB9C92F00090157 /* Resources */ = {
			isa = PBXResourcesBuildPhase;
			buildActionMask = 2147483647;
			files = (
				13C58C521AB9C92F00090157 /* Main.storyboard in Resources */,
				13C58C571AB9C92F00090157 /* LaunchScreen.xib in Resources */,
				13C58C541AB9C92F00090157 /* Images.xcassets in Resources */,
			);
			runOnlyForDeploymentPostprocessing = 0;
		};
		13C58C5A1AB9C92F00090157 /* Resources */ = {
			isa = PBXResourcesBuildPhase;
			buildActionMask = 2147483647;
			files = (
			);
			runOnlyForDeploymentPostprocessing = 0;
		};
/* End PBXResourcesBuildPhase section */

/* Begin PBXSourcesBuildPhase section */
		13C58C3F1AB9C92F00090157 /* Sources */ = {
			isa = PBXSourcesBuildPhase;
			buildActionMask = 2147483647;
			files = (
				13C58C4F1AB9C92F00090157 /* ViewController.m in Sources */,
				13C58C4C1AB9C92F00090157 /* AppDelegate.m in Sources */,
				13C58C491AB9C92F00090157 /* main.m in Sources */,
			);
			runOnlyForDeploymentPostprocessing = 0;
		};
		13C58C581AB9C92F00090157 /* Sources */ = {
			isa = PBXSourcesBuildPhase;
			buildActionMask = 2147483647;
			files = (
				13C58C631AB9C92F00090157 /* jjjjjTests.m in Sources */,
			);
			runOnlyForDeploymentPostprocessing = 0;
		};
/* End PBXSourcesBuildPhase section */

/* Begin PBXTargetDependency section */
		13C58C5E1AB9C92F00090157 /* PBXTargetDependency */ = {
			isa = PBXTargetDependency;
			target = 13C58C421AB9C92F00090157 /* jjjjj */;
			targetProxy = 13C58C5D1AB9C92F00090157 /* PBXContainerItemProxy */;
		};
/* End PBXTargetDependency section */

/* Begin PBXVariantGroup section */
		13C58C501AB9C92F00090157 /* Main.storyboard */ = {
			isa = PBXVariantGroup;
			children = (
				13C58C511AB9C92F00090157 /* Base */,
			);
			name = Main.storyboard;
			sourceTree = "<group>";
		};
		13C58C551AB9C92F00090157 /* LaunchScreen.xib */ = {
			isa = PBXVariantGroup;
			children = (
				13C58C561AB9C92F00090157 /* Base */,
			);
			name = LaunchScreen.xib;
			sourceTree = "<group>";
		};
/* End PBXVariantGroup section */

/* Begin XCBuildConfiguration section */
		13C58C641AB9C92F00090157 /* Debug */ = {
			isa = XCBuildConfiguration;
			buildSettings = {
				ALWAYS_SEARCH_USER_PATHS = NO;
				CLANG_CXX_LANGUAGE_STANDARD = "gnu++0x";
				CLANG_CXX_LIBRARY = "libc++";
				CLANG_ENABLE_MODULES = YES;
				CLANG_ENABLE_OBJC_ARC = YES;
				CLANG_WARN_BOOL_CONVERSION = YES;
				CLANG_WARN_CONSTANT_CONVERSION = YES;
				CLANG_WARN_DIRECT_OBJC_ISA_USAGE = YES_ERROR;
				CLANG_WARN_EMPTY_BODY = YES;
				CLANG_WARN_ENUM_CONVERSION = YES;
				CLANG_WARN_INT_CONVERSION = YES;
				CLANG_WARN_OBJC_ROOT_CLASS = YES_ERROR;
				CLANG_WARN_UNREACHABLE_CODE = YES;
				CLANG_WARN__DUPLICATE_METHOD_MATCH = YES;
				"CODE_SIGN_IDENTITY[sdk=iphoneos*]" = "iPhone Developer";
				COPY_PHASE_STRIP = NO;
				ENABLE_STRICT_OBJC_MSGSEND = YES;
				GCC_C_LANGUAGE_STANDARD = gnu99;
				GCC_DYNAMIC_NO_PIC = NO;
				GCC_OPTIMIZATION_LEVEL = 0;
				GCC_PREPROCESSOR_DEFINITIONS = (
					"DEBUG=1",
					"$(inherited)",
				);
				GCC_SYMBOLS_PRIVATE_EXTERN = NO;
				GCC_WARN_64_TO_32_BIT_CONVERSION = YES;
				GCC_WARN_ABOUT_RETURN_TYPE = YES_ERROR;
				GCC_WARN_UNDECLARED_SELECTOR = YES;
				GCC_WARN_UNINITIALIZED_AUTOS = YES_AGGRESSIVE;
				GCC_WARN_UNUSED_FUNCTION = YES;
				GCC_WARN_UNUSED_VARIABLE = YES;
				IPHONEOS_DEPLOYMENT_TARGET = 8.2;
				MTL_ENABLE_DEBUG_INFO = YES;
				ONLY_ACTIVE_ARCH = YES;
				SDKROOT = iphoneos;
				TARGETED_DEVICE_FAMILY = "1,2";
			};
			name = Debug;
		};
		13C58C651AB9C92F00090157 /* Release */ = {
			isa = XCBuildConfiguration;
			buildSettings = {
				ALWAYS_SEARCH_USER_PATHS = NO;
				CLANG_CXX_LANGUAGE_STANDARD = "gnu++0x";
				CLANG_CXX_LIBRARY = "libc++";
				CLANG_ENABLE_MODULES = YES;
				CLANG_ENABLE_OBJC_ARC = YES;
				CLANG_WARN_BOOL_CONVERSION = YES;
				CLANG_WARN_CONSTANT_CONVERSION = YES;
				CLANG_WARN_DIRECT_OBJC_ISA_USAGE = YES_ERROR;
				CLANG_WARN_EMPTY_BODY = YES;
				CLANG_WARN_ENUM_CONVERSION = YES;
				CLANG_WARN_INT_CONVERSION = YES;
				CLANG_WARN_OBJC_ROOT_CLASS = YES_ERROR;
				CLANG_WARN_UNREACHABLE_CODE = YES;
				CLANG_WARN__DUPLICATE_METHOD_MATCH = YES;
				"CODE_SIGN_IDENTITY[sdk=iphoneos*]" = "iPhone Developer";
				COPY_PHASE_STRIP = NO;
				ENABLE_NS_ASSERTIONS = NO;
				ENABLE_STRICT_OBJC_MSGSEND = YES;
				GCC_C_LANGUAGE_STANDARD = gnu99;
				GCC_WARN_64_TO_32_BIT_CONVERSION = YES;
				GCC_WARN_ABOUT_RETURN_TYPE = YES_ERROR;
				GCC_WARN_UNDECLARED_SELECTOR = YES;
				GCC_WARN_UNINITIALIZED_AUTOS = YES_AGGRESSIVE;
				GCC_WARN_UNUSED_FUNCTION = YES;
				GCC_WARN_UNUSED_VARIABLE = YES;
				IPHONEOS_DEPLOYMENT_TARGET = 8.2;
				MTL_ENABLE_DEBUG_INFO = NO;
				SDKROOT = iphoneos;
				TARGETED_DEVICE_FAMILY = "1,2";
				VALIDATE_PRODUCT = YES;
			};
			name = Release;
		};
		13C58C671AB9C92F00090157 /* Debug */ = {
			isa = XCBuildConfiguration;
			buildSettings = {
				ASSETCATALOG_COMPILER_APPICON_NAME = AppIcon;
				INFOPLIST_FILE = jjjjj/Info.plist;
				LD_RUNPATH_SEARCH_PATHS = "$(inherited) @executable_path/Frameworks";
				PRODUCT_NAME = "$(TARGET_NAME)";
			};
			name = Debug;
		};
		13C58C681AB9C92F00090157 /* Release */ = {
			isa = XCBuildConfiguration;
			buildSettings = {
				ASSETCATALOG_COMPILER_APPICON_NAME = AppIcon;
				INFOPLIST_FILE = jjjjj/Info.plist;
				LD_RUNPATH_SEARCH_PATHS = "$(inherited) @executable_path/Frameworks";
				PRODUCT_NAME = "$(TARGET_NAME)";
			};
			name = Release;
		};
		13C58C6A1AB9C92F00090157 /* Debug */ = {
			isa = XCBuildConfiguration;
			buildSettings = {
				BUNDLE_LOADER = "$(TEST_HOST)";
				FRAMEWORK_SEARCH_PATHS = (
					"$(SDKROOT)/Developer/Library/Frameworks",
					"$(inherited)",
				);
				GCC_PREPROCESSOR_DEFINITIONS = (
					"DEBUG=1",
					"$(inherited)",
				);
				INFOPLIST_FILE = jjjjjTests/Info.plist;
				LD_RUNPATH_SEARCH_PATHS = "$(inherited) @executable_path/Frameworks @loader_path/Frameworks";
				PRODUCT_NAME = "$(TARGET_NAME)";
				TEST_HOST = "$(BUILT_PRODUCTS_DIR)/jjjjj.app/jjjjj";
			};
			name = Debug;
		};
		13C58C6B1AB9C92F00090157 /* Release */ = {
			isa = XCBuildConfiguration;
			buildSettings = {
				BUNDLE_LOADER = "$(TEST_HOST)";
				FRAMEWORK_SEARCH_PATHS = (
					"$(SDKROOT)/Developer/Library/Frameworks",
					"$(inherited)",
				);
				INFOPLIST_FILE = jjjjjTests/Info.plist;
				LD_RUNPATH_SEARCH_PATHS = "$(inherited) @executable_path/Frameworks @loader_path/Frameworks";
				PRODUCT_NAME = "$(TARGET_NAME)";
				TEST_HOST = "$(BUILT_PRODUCTS_DIR)/jjjjj.app/jjjjj";
			};
			name = Release;
		};
/* End XCBuildConfiguration section */

/* Begin XCConfigurationList section */
		13C58C3E1AB9C92F00090157 /* Build configuration list for PBXProject "jjjjj" */ = {
			isa = XCConfigurationList;
			buildConfigurations = (
				13C58C641AB9C92F00090157 /* Debug */,
				13C58C651AB9C92F00090157 /* Release */,
			);
			defaultConfigurationIsVisible = 0;
			defaultConfigurationName = Release;
		};
		13C58C661AB9C92F00090157 /* Build configuration list for PBXNativeTarget "jjjjj" */ = {
			isa = XCConfigurationList;
			buildConfigurations = (
				13C58C671AB9C92F00090157 /* Debug */,
				13C58C681AB9C92F00090157 /* Release */,
			);
			defaultConfigurationIsVisible = 0;
		};
		13C58C691AB9C92F00090157 /* Build configuration list for PBXNativeTarget "jjjjjTests" */ = {
			isa = XCConfigurationList;
			buildConfigurations = (
				13C58C6A1AB9C92F00090157 /* Debug */,
				13C58C6B1AB9C92F00090157 /* Release */,
			);
			defaultConfigurationIsVisible = 0;
		};
/* End XCConfigurationList section */
	};
	rootObject = 13C58C3B1AB9C92F00090157 /* Project object */;
}
